
Microsoft Visual Studio Solution File, Format Version 10.00
# Visual C# Express 2008
Project("{FAE04EC0-301F-11D3-BF4B-00C04F79EFBC}") = "BOOKSTORE", "BOOKSTORE\BOOKSTORE.csproj", "{21031432-21EA-4474-A0B1-FC8FDEACD42B}"
EndProject
Global
	GlobalSection(SolutionConfigurationPlatforms) = preSolution
		Debug|Any CPU = Debug|Any CPU
		Release|Any CPU = Release|Any CPU
	EndGlobalSection
	GlobalSection(ProjectConfigurationPlatforms) = postSolution
		{21031432-21EA-4474-A0B1-FC8FDEACD42B}.Debug|Any CPU.ActiveCfg = Debug|Any CPU
		{21031432-21EA-4474-A0B1-FC8FDEACD42B}.Debug|Any CPU.Build.0 = Debug|Any CPU
		{21031432-21EA-4474-A0B1-FC8FDEACD42B}.Release|Any CPU.ActiveCfg = Release|Any CPU
		{21031432-21EA-4474-A0B1-FC8FDEACD42B}.Release|Any CPU.Build.0 = Release|Any CPU
	EndGlobalSection
	GlobalSection(SolutionProperties) = preSolution
		HideSolutionNode = FALSE
	EndGlobalSection
EndGlobal
